
Microsoft Visual Studio Solution File, Format Version 12.00
# Visual Studio Version 16
VisualStudioVersion = 16.0.30711.63
MinimumVisualStudioVersion = 10.0.40219.1
Project("{9A19103F-16F7-4668-BE54-9A1E7A4F7556}") = "QuestionarioApp", "src\QuestionarioApp\QuestionarioApp.csproj", "{982BA7BD-E44D-4CC4-B2EE-8BF8D13676A0}"
EndProject
Project("{FAE04EC0-301F-11D3-BF4B-00C04F79EFBC}") = "QuetionarioData", "sql\QuetionarioData\QuetionarioData.csproj", "{4337098B-0810-4EE0-A1D2-0C5DDDE714E7}"
EndProject
Project("{FAE04EC0-301F-11D3-BF4B-00C04F79EFBC}") = "QuestionarioBisiness", "src\QuestionarioBisiness\QuestionarioBisiness.csproj", "{39FCC8B0-03BA-4A60-B5B7-14BA53C6819D}"
EndProject
Global
	GlobalSection(SolutionConfigurationPlatforms) = preSolution
		Debug|Any CPU = Debug|Any CPU
		Release|Any CPU = Release|Any CPU
	EndGlobalSection
	GlobalSection(ProjectConfigurationPlatforms) = postSolution
		{982BA7BD-E44D-4CC4-B2EE-8BF8D13676A0}.Debug|Any CPU.ActiveCfg = Debug|Any CPU
		{982BA7BD-E44D-4CC4-B2EE-8BF8D13676A0}.Debug|Any CPU.Build.0 = Debug|Any CPU
		{982BA7BD-E44D-4CC4-B2EE-8BF8D13676A0}.Release|Any CPU.ActiveCfg = Release|Any CPU
		{982BA7BD-E44D-4CC4-B2EE-8BF8D13676A0}.Release|Any CPU.Build.0 = Release|Any CPU
		{4337098B-0810-4EE0-A1D2-0C5DDDE714E7}.Debug|Any CPU.ActiveCfg = Debug|Any CPU
		{4337098B-0810-4EE0-A1D2-0C5DDDE714E7}.Debug|Any CPU.Build.0 = Debug|Any CPU
		{4337098B-0810-4EE0-A1D2-0C5DDDE714E7}.Release|Any CPU.ActiveCfg = Release|Any CPU
		{4337098B-0810-4EE0-A1D2-0C5DDDE714E7}.Release|Any CPU.Build.0 = Release|Any CPU
		{39FCC8B0-03BA-4A60-B5B7-14BA53C6819D}.Debug|Any CPU.ActiveCfg = Debug|Any CPU
		{39FCC8B0-03BA-4A60-B5B7-14BA53C6819D}.Debug|Any CPU.Build.0 = Debug|Any CPU
		{39FCC8B0-03BA-4A60-B5B7-14BA53C6819D}.Release|Any CPU.ActiveCfg = Release|Any CPU
		{39FCC8B0-03BA-4A60-B5B7-14BA53C6819D}.Release|Any CPU.Build.0 = Release|Any CPU
	EndGlobalSection
	GlobalSection(SolutionProperties) = preSolution
		HideSolutionNode = FALSE
	EndGlobalSection
	GlobalSection(ExtensibilityGlobals) = postSolution
		SolutionGuid = {3A60AAF8-1C38-4F1A-8FB4-671344B4760E}
	EndGlobalSection
EndGlobal
